
Microsoft Visual Studio Solution File, Format Version 12.00
# Visual Studio Version 17
VisualStudioVersion = 17.3.32901.215
MinimumVisualStudioVersion = 10.0.40219.1
Project("{FAE04EC0-301F-11D3-BF4B-00C04F79EFBC}") = "DLinkTradeApp", "DLinkTradeApp\DLinkTradeApp.csproj", "{BA5BEB2C-F906-4351-AFB0-8F32A3781CA5}"
EndProject
Global
	GlobalSection(SolutionConfigurationPlatforms) = preSolution
		Debug|Any CPU = Debug|Any CPU
		Release|Any CPU = Release|Any CPU
	EndGlobalSection
	GlobalSection(ProjectConfigurationPlatforms) = postSolution
		{BA5BEB2C-F906-4351-AFB0-8F32A3781CA5}.Debug|Any CPU.ActiveCfg = Debug|Any CPU
		{BA5BEB2C-F906-4351-AFB0-8F32A3781CA5}.Debug|Any CPU.Build.0 = Debug|Any CPU
		{BA5BEB2C-F906-4351-AFB0-8F32A3781CA5}.Release|Any CPU.ActiveCfg = Release|Any CPU
		{BA5BEB2C-F906-4351-AFB0-8F32A3781CA5}.Release|Any CPU.Build.0 = Release|Any CPU
	EndGlobalSection
	GlobalSection(SolutionProperties) = preSolution
		HideSolutionNode = FALSE
	EndGlobalSection
	GlobalSection(ExtensibilityGlobals) = postSolution
		SolutionGuid = {BB427570-EAF1-44B9-BE16-E00FA52D90E2}
	EndGlobalSection
EndGlobal
